
Microsoft Visual Studio Solution File, Format Version 12.00
# Visual Studio Version 17
VisualStudioVersion = 17.13.35919.96 d17.13
MinimumVisualStudioVersion = 10.0.40219.1
Project("{FAE04EC0-301F-11D3-BF4B-00C04F79EFBC}") = "MonitorizareSol", "MonitorizareSol\MonitorizareSol.csproj", "{1ED4FB16-1B11-437D-9C3B-13CB2F39AA62}"
EndProject
Global
	GlobalSection(SolutionConfigurationPlatforms) = preSolution
		Debug|Any CPU = Debug|Any CPU
		Release|Any CPU = Release|Any CPU
	EndGlobalSection
	GlobalSection(ProjectConfigurationPlatforms) = postSolution
		{1ED4FB16-1B11-437D-9C3B-13CB2F39AA62}.Debug|Any CPU.ActiveCfg = Debug|Any CPU
		{1ED4FB16-1B11-437D-9C3B-13CB2F39AA62}.Debug|Any CPU.Build.0 = Debug|Any CPU
		{1ED4FB16-1B11-437D-9C3B-13CB2F39AA62}.Release|Any CPU.ActiveCfg = Release|Any CPU
		{1ED4FB16-1B11-437D-9C3B-13CB2F39AA62}.Release|Any CPU.Build.0 = Release|Any CPU
	EndGlobalSection
	GlobalSection(SolutionProperties) = preSolution
		HideSolutionNode = FALSE
	EndGlobalSection
	GlobalSection(ExtensibilityGlobals) = postSolution
		SolutionGuid = {3BC8F9BD-9A02-410F-96C3-93525E0211A5}
	EndGlobalSection
EndGlobal
